
Microsoft Visual Studio Solution File, Format Version 12.00
# Visual Studio 14
VisualStudioVersion = 14.0.25420.1
MinimumVisualStudioVersion = 10.0.40219.1
Project("{2150E333-8FDC-42A3-9474-1A3956D46DE8}") = ".paket", ".paket", "{F9D81A7D-8F1A-43A9-BD3B-199A9749D545}"
	ProjectSection(SolutionItems) = preProject
		paket.dependencies = paket.dependencies
	EndProjectSection
EndProject
Project("{F2A71F9B-5D33-465A-A702-920D77279786}") = "App", "App\App.fsproj", "{7D92AB2A-B26A-4898-B657-80F5A2AC4708}"
EndProject
Project("{F2A71F9B-5D33-465A-A702-920D77279786}") = "App.Tests", "App.Tests\App.Tests.fsproj", "{20FAFFDF-B208-4D44-A83F-E44743B34CF7}"
EndProject
Project("{2150E333-8FDC-42A3-9474-1A3956D46DE8}") = "Solution Items", "Solution Items", "{576E240B-7F8A-436D-8356-242A283BAE6C}"
	ProjectSection(SolutionItems) = preProject
		README.md = README.md
	EndProjectSection
EndProject
Global
	GlobalSection(SolutionConfigurationPlatforms) = preSolution
		Debug|Any CPU = Debug|Any CPU
		Release|Any CPU = Release|Any CPU
	EndGlobalSection
	GlobalSection(ProjectConfigurationPlatforms) = postSolution
		{7D92AB2A-B26A-4898-B657-80F5A2AC4708}.Debug|Any CPU.ActiveCfg = Debug|Any CPU
		{7D92AB2A-B26A-4898-B657-80F5A2AC4708}.Debug|Any CPU.Build.0 = Debug|Any CPU
		{7D92AB2A-B26A-4898-B657-80F5A2AC4708}.Release|Any CPU.ActiveCfg = Release|Any CPU
		{7D92AB2A-B26A-4898-B657-80F5A2AC4708}.Release|Any CPU.Build.0 = Release|Any CPU
		{20FAFFDF-B208-4D44-A83F-E44743B34CF7}.Debug|Any CPU.ActiveCfg = Debug|Any CPU
		{20FAFFDF-B208-4D44-A83F-E44743B34CF7}.Debug|Any CPU.Build.0 = Debug|Any CPU
		{20FAFFDF-B208-4D44-A83F-E44743B34CF7}.Release|Any CPU.ActiveCfg = Release|Any CPU
		{20FAFFDF-B208-4D44-A83F-E44743B34CF7}.Release|Any CPU.Build.0 = Release|Any CPU
	EndGlobalSection
	GlobalSection(SolutionProperties) = preSolution
		HideSolutionNode = FALSE
	EndGlobalSection
EndGlobal
